# THIS IS AN AUTOGENERATED FILE. DO NOT EDIT THIS FILE DIRECTLY.
# yarn lockfile v1


azure-devops-node-api@^6.6.0:
  version "6.6.0"
  resolved "https://registry.yarnpkg.com/azure-devops-node-api/-/azure-devops-node-api-6.6.0.tgz#6fb34b282f62c9c29719eea57c49d10b62258f53"
  dependencies:
    tunnel "0.0.4"
    typed-rest-client "1.0.9"
    underscore "1.8.3"

tunnel@0.0.4:
  version "0.0.4"
  resolved "http://registry.npmjs.org/tunnel/-/tunnel-0.0.4.tgz#2d3785a158c174c9a16dc2c046ec5fc5f1742213"

typed-rest-client@1.0.9:
  version "1.0.9"
  resolved "https://registry.yarnpkg.com/typed-rest-client/-/typed-rest-client-1.0.9.tgz#5317b607c9c8ee425b64260c9249d400d0a6bf1a"
  dependencies:
    tunnel "0.0.4"
    underscore "1.8.3"

underscore@1.8.3:
  version "1.8.3"
  resolved "https://registry.yarnpkg.com/underscore/-/underscore-1.8.3.tgz#4f3fb53b106e6097fcf9cb4109f2a5e9bdfa5022"
